{
  "name": "quizzer-api",
  "version": "0.0.0",
  "lockfileVersion": 3,
  "requires": true,
  "packages": {
    "": {
      "name": "quizzer-api",
      "version": "0.0.0",
      "license": "MIT",
      "dependencies": {
        "@cloud-cli/http": "^1.0.0",
        "micro-router": "^1.0.2"
      }
    },
    "node_modules/@cloud-cli/http": {
      "version": "1.0.0",
      "resolved": "https://registry.npmjs.org/@cloud-cli/http/-/http-1.0.0.tgz",
      "integrity": "sha512-QnQZ1FISjj2wWKidWmwIOV2JN0oVo3COzvuByhFa7ZUBqKLP53QnLQ9C2oiilJvmoRzlxSOlVepMOJ58F7sQuw=="
    },
    "node_modules/micro-router": {
      "version": "1.0.2",
      "resolved": "https://registry.npmjs.org/micro-router/-/micro-router-1.0.2.tgz",
      "integrity": "sha512-csECCeAv8kQBWeImJowY1hlbzmwPD6Qp7AwqM5Hi/91VYpIXoYaxqOEldLi+ELkmQqIji/iCYktD5eAJa3r54A=="
    }
  }
}
